
Microsoft Visual Studio Solution File, Format Version 12.00
# Visual Studio Version 17
VisualStudioVersion = 17.14.36212.18
MinimumVisualStudioVersion = 10.0.40219.1
Project("{FAE04EC0-301F-11D3-BF4B-00C04F79EFBC}") = "Linque01", "Linque01\Linque01.csproj", "{D376A0FC-2B77-44C1-A282-73780584DB08}"
EndProject
Global
	GlobalSection(SolutionConfigurationPlatforms) = preSolution
		Debug|Any CPU = Debug|Any CPU
		Release|Any CPU = Release|Any CPU
	EndGlobalSection
	GlobalSection(ProjectConfigurationPlatforms) = postSolution
		{D376A0FC-2B77-44C1-A282-73780584DB08}.Debug|Any CPU.ActiveCfg = Debug|Any CPU
		{D376A0FC-2B77-44C1-A282-73780584DB08}.Debug|Any CPU.Build.0 = Debug|Any CPU
		{D376A0FC-2B77-44C1-A282-73780584DB08}.Release|Any CPU.ActiveCfg = Release|Any CPU
		{D376A0FC-2B77-44C1-A282-73780584DB08}.Release|Any CPU.Build.0 = Release|Any CPU
	EndGlobalSection
	GlobalSection(SolutionProperties) = preSolution
		HideSolutionNode = FALSE
	EndGlobalSection
	GlobalSection(ExtensibilityGlobals) = postSolution
		SolutionGuid = {AF2E7A8D-7E79-42FA-B33F-E4FD7F293220}
	EndGlobalSection
EndGlobal
